
Microsoft Visual Studio Solution File, Format Version 12.00
# Visual Studio Version 16
VisualStudioVersion = 16.0.30611.23
MinimumVisualStudioVersion = 10.0.40219.1
Project("{9A19103F-16F7-4668-BE54-9A1E7A4F7556}") = "logicPC", "..\logicPC\logicPC.csproj", "{7C9014EC-6F54-4A1C-AE2D-EDCD8BA7403F}"
EndProject
Project("{2150E333-8FDC-42A3-9474-1A3956D46DE8}") = "Tests", "Tests", "{03B36143-D102-49F5-A740-B123E3957543}"
EndProject
Project("{9A19103F-16F7-4668-BE54-9A1E7A4F7556}") = "testsUnitaires", "..\testImportUnitaire\testsUnitaires.csproj", "{DA33A68E-3892-4809-8917-2D73D003C6AE}"
	ProjectSection(ProjectDependencies) = postProject
		{7C9014EC-6F54-4A1C-AE2D-EDCD8BA7403F} = {7C9014EC-6F54-4A1C-AE2D-EDCD8BA7403F}
	EndProjectSection
EndProject
Project("{9A19103F-16F7-4668-BE54-9A1E7A4F7556}") = "testsConsole", "..\testsConsole\testsConsole.csproj", "{FF153923-0D02-4404-9DC6-0482A45D9288}"
EndProject
Project("{9A19103F-16F7-4668-BE54-9A1E7A4F7556}") = "PcGUI", "..\PcGUI\PcGUI.csproj", "{72072B29-0822-403A-A94D-9A770E8512A6}"
EndProject
Project("{9A19103F-16F7-4668-BE54-9A1E7A4F7556}") = "Stub", "Stub\Stub.csproj", "{3323446C-DAC7-4ABA-A09F-9EADA9AB8F58}"
EndProject
Project("{2150E333-8FDC-42A3-9474-1A3956D46DE8}") = "Persistance", "Persistance", "{CC8BF54A-CDFE-4E68-9DD9-8C9C8CF54E2D}"
EndProject
Project("{9A19103F-16F7-4668-BE54-9A1E7A4F7556}") = "DataContract", "DataContract\DataContract.csproj", "{090B7D3E-8470-4B9A-A347-4552FC61EC60}"
EndProject
Project("{54435603-DBB4-11D2-8724-00A0C9A8B90C}") = "PcPartedInstaller", "PcPartedInstaller\PcPartedInstaller.vdproj", "{B6025B7F-A9CE-4555-A684-C46C9E93E6D6}"
EndProject
Global
	GlobalSection(SolutionConfigurationPlatforms) = preSolution
		Debug|Any CPU = Debug|Any CPU
		Debug-git|Any CPU = Debug-git|Any CPU
		logic|Any CPU = logic|Any CPU
		Release|Any CPU = Release|Any CPU
	EndGlobalSection
	GlobalSection(ProjectConfigurationPlatforms) = postSolution
		{7C9014EC-6F54-4A1C-AE2D-EDCD8BA7403F}.Debug|Any CPU.ActiveCfg = Debug|Any CPU
		{7C9014EC-6F54-4A1C-AE2D-EDCD8BA7403F}.Debug|Any CPU.Build.0 = Debug|Any CPU
		{7C9014EC-6F54-4A1C-AE2D-EDCD8BA7403F}.Debug-git|Any CPU.ActiveCfg = Debug|Any CPU
		{7C9014EC-6F54-4A1C-AE2D-EDCD8BA7403F}.Debug-git|Any CPU.Build.0 = Debug|Any CPU
		{7C9014EC-6F54-4A1C-AE2D-EDCD8BA7403F}.logic|Any CPU.ActiveCfg = Debug|Any CPU
		{7C9014EC-6F54-4A1C-AE2D-EDCD8BA7403F}.logic|Any CPU.Build.0 = Debug|Any CPU
		{7C9014EC-6F54-4A1C-AE2D-EDCD8BA7403F}.Release|Any CPU.ActiveCfg = Release|Any CPU
		{7C9014EC-6F54-4A1C-AE2D-EDCD8BA7403F}.Release|Any CPU.Build.0 = Release|Any CPU
		{DA33A68E-3892-4809-8917-2D73D003C6AE}.Debug|Any CPU.ActiveCfg = Debug|Any CPU
		{DA33A68E-3892-4809-8917-2D73D003C6AE}.Debug|Any CPU.Build.0 = Debug|Any CPU
		{DA33A68E-3892-4809-8917-2D73D003C6AE}.Debug-git|Any CPU.ActiveCfg = Debug|Any CPU
		{DA33A68E-3892-4809-8917-2D73D003C6AE}.Debug-git|Any CPU.Build.0 = Debug|Any CPU
		{DA33A68E-3892-4809-8917-2D73D003C6AE}.logic|Any CPU.ActiveCfg = Debug|Any CPU
		{DA33A68E-3892-4809-8917-2D73D003C6AE}.logic|Any CPU.Build.0 = Debug|Any CPU
		{DA33A68E-3892-4809-8917-2D73D003C6AE}.Release|Any CPU.ActiveCfg = Release|Any CPU
		{DA33A68E-3892-4809-8917-2D73D003C6AE}.Release|Any CPU.Build.0 = Release|Any CPU
		{FF153923-0D02-4404-9DC6-0482A45D9288}.Debug|Any CPU.ActiveCfg = Debug|Any CPU
		{FF153923-0D02-4404-9DC6-0482A45D9288}.Debug|Any CPU.Build.0 = Debug|Any CPU
		{FF153923-0D02-4404-9DC6-0482A45D9288}.Debug-git|Any CPU.ActiveCfg = Debug|Any CPU
		{FF153923-0D02-4404-9DC6-0482A45D9288}.Debug-git|Any CPU.Build.0 = Debug|Any CPU
		{FF153923-0D02-4404-9DC6-0482A45D9288}.logic|Any CPU.ActiveCfg = Debug|Any CPU
		{FF153923-0D02-4404-9DC6-0482A45D9288}.logic|Any CPU.Build.0 = Debug|Any CPU
		{FF153923-0D02-4404-9DC6-0482A45D9288}.Release|Any CPU.ActiveCfg = Release|Any CPU
		{FF153923-0D02-4404-9DC6-0482A45D9288}.Release|Any CPU.Build.0 = Release|Any CPU
		{72072B29-0822-403A-A94D-9A770E8512A6}.Debug|Any CPU.ActiveCfg = Debug|Any CPU
		{72072B29-0822-403A-A94D-9A770E8512A6}.Debug|Any CPU.Build.0 = Debug|Any CPU
		{72072B29-0822-403A-A94D-9A770E8512A6}.Debug-git|Any CPU.ActiveCfg = Debug|Any CPU
		{72072B29-0822-403A-A94D-9A770E8512A6}.Debug-git|Any CPU.Build.0 = Debug|Any CPU
		{72072B29-0822-403A-A94D-9A770E8512A6}.logic|Any CPU.ActiveCfg = Debug|Any CPU
		{72072B29-0822-403A-A94D-9A770E8512A6}.logic|Any CPU.Build.0 = Debug|Any CPU
		{72072B29-0822-403A-A94D-9A770E8512A6}.Release|Any CPU.ActiveCfg = Release|Any CPU
		{72072B29-0822-403A-A94D-9A770E8512A6}.Release|Any CPU.Build.0 = Release|Any CPU
		{3323446C-DAC7-4ABA-A09F-9EADA9AB8F58}.Debug|Any CPU.ActiveCfg = Debug|Any CPU
		{3323446C-DAC7-4ABA-A09F-9EADA9AB8F58}.Debug|Any CPU.Build.0 = Debug|Any CPU
		{3323446C-DAC7-4ABA-A09F-9EADA9AB8F58}.Debug-git|Any CPU.ActiveCfg = Debug|Any CPU
		{3323446C-DAC7-4ABA-A09F-9EADA9AB8F58}.Debug-git|Any CPU.Build.0 = Debug|Any CPU
		{3323446C-DAC7-4ABA-A09F-9EADA9AB8F58}.logic|Any CPU.ActiveCfg = Debug|Any CPU
		{3323446C-DAC7-4ABA-A09F-9EADA9AB8F58}.logic|Any CPU.Build.0 = Debug|Any CPU
		{3323446C-DAC7-4ABA-A09F-9EADA9AB8F58}.Release|Any CPU.ActiveCfg = Release|Any CPU
		{3323446C-DAC7-4ABA-A09F-9EADA9AB8F58}.Release|Any CPU.Build.0 = Release|Any CPU
		{090B7D3E-8470-4B9A-A347-4552FC61EC60}.Debug|Any CPU.ActiveCfg = Debug|Any CPU
		{090B7D3E-8470-4B9A-A347-4552FC61EC60}.Debug|Any CPU.Build.0 = Debug|Any CPU
		{090B7D3E-8470-4B9A-A347-4552FC61EC60}.Debug-git|Any CPU.ActiveCfg = Debug|Any CPU
		{090B7D3E-8470-4B9A-A347-4552FC61EC60}.Debug-git|Any CPU.Build.0 = Debug|Any CPU
		{090B7D3E-8470-4B9A-A347-4552FC61EC60}.logic|Any CPU.ActiveCfg = Debug|Any CPU
		{090B7D3E-8470-4B9A-A347-4552FC61EC60}.logic|Any CPU.Build.0 = Debug|Any CPU
		{090B7D3E-8470-4B9A-A347-4552FC61EC60}.Release|Any CPU.ActiveCfg = Release|Any CPU
		{090B7D3E-8470-4B9A-A347-4552FC61EC60}.Release|Any CPU.Build.0 = Release|Any CPU
		{B6025B7F-A9CE-4555-A684-C46C9E93E6D6}.Debug|Any CPU.ActiveCfg = Debug
		{B6025B7F-A9CE-4555-A684-C46C9E93E6D6}.Debug-git|Any CPU.ActiveCfg = Debug
		{B6025B7F-A9CE-4555-A684-C46C9E93E6D6}.logic|Any CPU.ActiveCfg = Debug
		{B6025B7F-A9CE-4555-A684-C46C9E93E6D6}.Release|Any CPU.ActiveCfg = Release
	EndGlobalSection
	GlobalSection(SolutionProperties) = preSolution
		HideSolutionNode = FALSE
	EndGlobalSection
	GlobalSection(NestedProjects) = preSolution
		{DA33A68E-3892-4809-8917-2D73D003C6AE} = {03B36143-D102-49F5-A740-B123E3957543}
		{FF153923-0D02-4404-9DC6-0482A45D9288} = {03B36143-D102-49F5-A740-B123E3957543}
		{3323446C-DAC7-4ABA-A09F-9EADA9AB8F58} = {CC8BF54A-CDFE-4E68-9DD9-8C9C8CF54E2D}
		{090B7D3E-8470-4B9A-A347-4552FC61EC60} = {CC8BF54A-CDFE-4E68-9DD9-8C9C8CF54E2D}
	EndGlobalSection
	GlobalSection(ExtensibilityGlobals) = postSolution
		SolutionGuid = {8A301BC1-7FB7-4EE7-964F-902C8408ECF0}
	EndGlobalSection
EndGlobal
